
Microsoft Visual Studio Solution File, Format Version 12.00
# Visual Studio Version 17
VisualStudioVersion = 17.6.33723.286
MinimumVisualStudioVersion = 10.0.40219.1
Project("{2150E333-8FDC-42A3-9474-1A3956D46DE8}") = "src", "src", "{295E427F-F246-4638-ABD0-972378059D0D}"
EndProject
Project("{2150E333-8FDC-42A3-9474-1A3956D46DE8}") = "tests", "tests", "{EDFCC863-CC96-4B78-A236-CEC7E3002B7B}"
EndProject
Project("{2150E333-8FDC-42A3-9474-1A3956D46DE8}") = "ProductDomain", "ProductDomain", "{2FF5A7A9-2B48-4B19-861C-89FDD4E463E8}"
EndProject
Project("{9A19103F-16F7-4668-BE54-9A1E7A4F7556}") = "Product.Endpoint", "src\Product.Endpoint\Product.Endpoint.csproj", "{0C492BE7-AFAF-4545-816D-3FE36CAB9061}"
EndProject
Project("{9A19103F-16F7-4668-BE54-9A1E7A4F7556}") = "Product.Domain", "src\Product.Domain\Product.Domain.csproj", "{0F774650-A12C-4BF9-A239-920A09E63D35}"
EndProject
Project("{9A19103F-16F7-4668-BE54-9A1E7A4F7556}") = "Product.Messages", "src\Product.Messages\Product.Messages.csproj", "{420C69B6-6920-4463-98E8-CA50F3CBA718}"
EndProject
Project("{2150E333-8FDC-42A3-9474-1A3956D46DE8}") = "SalesDomain", "SalesDomain", "{F636E78C-0F3E-44E5-B5FC-8CB378C91A12}"
EndProject
Project("{9A19103F-16F7-4668-BE54-9A1E7A4F7556}") = "Sales.Endpoint", "src\Sales.Endpoint\Sales.Endpoint.csproj", "{1321E5E6-CC98-41BD-819B-5E217E84B745}"
EndProject
Project("{9A19103F-16F7-4668-BE54-9A1E7A4F7556}") = "Sales.Domain", "src\Sales.Domain\Sales.Domain.csproj", "{FB93D861-1557-46EF-9B53-A64A67634A2B}"
EndProject
Project("{9A19103F-16F7-4668-BE54-9A1E7A4F7556}") = "Sales.Messages", "src\Sales.Messages\Sales.Messages.csproj", "{2D8DC905-CC18-4E1B-B6AA-B7D464D3C32E}"
EndProject
Project("{2150E333-8FDC-42A3-9474-1A3956D46DE8}") = "DocumentDomain", "DocumentDomain", "{901B4702-393C-479D-882C-46E2320010B5}"
EndProject
Project("{9A19103F-16F7-4668-BE54-9A1E7A4F7556}") = "Document.Endpoint", "src\Document.Endpoint\Document.Endpoint.csproj", "{89B8EA3C-6C3B-49B1-B59C-024DFB6EDA50}"
EndProject
Project("{9A19103F-16F7-4668-BE54-9A1E7A4F7556}") = "Document.Domain", "src\Document.Domain\Document.Domain.csproj", "{36DF06D6-6601-483A-8AD1-7B7AF0A7E44B}"
EndProject
Project("{9A19103F-16F7-4668-BE54-9A1E7A4F7556}") = "Document.Messages", "src\Document.Messages\Document.Messages.csproj", "{5114D684-E8A0-4F18-B1AB-FA6724BD9331}"
EndProject
Project("{2150E333-8FDC-42A3-9474-1A3956D46DE8}") = "UserDomain", "UserDomain", "{4A4EF4B5-C163-4715-99FD-4F3255683CA0}"
EndProject
Project("{9A19103F-16F7-4668-BE54-9A1E7A4F7556}") = "User.Endpoint", "src\User.Endpoint\User.Endpoint.csproj", "{918F0FCE-2BB0-4736-9651-AB21DD330212}"
EndProject
Project("{9A19103F-16F7-4668-BE54-9A1E7A4F7556}") = "User.Domain", "src\User.Domain\User.Domain.csproj", "{99A95F7A-C503-4735-977C-8ACADDBD998A}"
EndProject
Project("{9A19103F-16F7-4668-BE54-9A1E7A4F7556}") = "User.Messages", "src\User.Messages\User.Messages.csproj", "{F1AB044D-4272-45C7-8A93-5152F9B773B9}"
EndProject
Project("{2150E333-8FDC-42A3-9474-1A3956D46DE8}") = "PaymentDomain", "PaymentDomain", "{1D98C8AC-E76B-43EC-B77B-3D0C617EED47}"
EndProject
Project("{9A19103F-16F7-4668-BE54-9A1E7A4F7556}") = "Payment.Endpoint", "src\Payment.Endpoint\Payment.Endpoint.csproj", "{DCE57E15-8966-43BA-B890-45858F650993}"
EndProject
Project("{9A19103F-16F7-4668-BE54-9A1E7A4F7556}") = "Payment.Domain", "src\Payment.Domain\Payment.Domain.csproj", "{14A4E190-F5C1-46B5-AE8D-24C7EF1E3375}"
EndProject
Project("{2150E333-8FDC-42A3-9474-1A3956D46DE8}") = "CommunicationDomain", "CommunicationDomain", "{C24307A2-C318-4AA4-A1A2-0956717182F3}"
EndProject
Project("{9A19103F-16F7-4668-BE54-9A1E7A4F7556}") = "Communication.Endpoint", "src\Communication.Endpoint\Communication.Endpoint.csproj", "{C73025BB-72C5-4F2A-9F54-A449C16EACE8}"
EndProject
Project("{9A19103F-16F7-4668-BE54-9A1E7A4F7556}") = "Payment.Messages", "src\Payment.Messages\Payment.Messages.csproj", "{E524B452-C825-41B6-B495-9BA6A7CF7A9F}"
EndProject
Project("{9A19103F-16F7-4668-BE54-9A1E7A4F7556}") = "Communication.Domain", "src\Communication.Domain\Communication.Domain.csproj", "{4C939193-8CE3-4BA8-B8F2-AC9F33BCD21E}"
EndProject
Project("{2150E333-8FDC-42A3-9474-1A3956D46DE8}") = "CommunicationDomainTests", "CommunicationDomainTests", "{D9CE1F0B-B881-41B0-9D9B-3E16AF37F176}"
EndProject
Project("{2150E333-8FDC-42A3-9474-1A3956D46DE8}") = "UserDomainTests", "UserDomainTests", "{22913B27-4126-4A17-8A62-A7EA20A9A5A3}"
EndProject
Project("{2150E333-8FDC-42A3-9474-1A3956D46DE8}") = "PaymentDomainTests", "PaymentDomainTests", "{C2361B54-2DC0-4473-AE2A-A963C3C15B76}"
EndProject
Project("{2150E333-8FDC-42A3-9474-1A3956D46DE8}") = "ProductDomainTests", "ProductDomainTests", "{455E8B61-DF64-4972-8FDE-FB74191D7634}"
EndProject
Project("{2150E333-8FDC-42A3-9474-1A3956D46DE8}") = "SalesDomainTests", "SalesDomainTests", "{1F576D3F-0940-4351-AE58-8D2293F14078}"
EndProject
Project("{2150E333-8FDC-42A3-9474-1A3956D46DE8}") = "DocumentDomainTests", "DocumentDomainTests", "{29CFAAFF-5A4F-4801-94F0-7CE33E3B9DB0}"
EndProject
Project("{9A19103F-16F7-4668-BE54-9A1E7A4F7556}") = "Communication.Domain.Tests", "tests\Communication.Domain.Tests\Communication.Domain.Tests.csproj", "{58416BA1-FC3C-49F8-9F04-8F8CF38A610D}"
EndProject
Project("{9A19103F-16F7-4668-BE54-9A1E7A4F7556}") = "Document.Domain.Tests", "tests\Document.Domain.Tests\Document.Domain.Tests.csproj", "{001B5A4D-FD28-4A68-8795-68D980AB0C04}"
EndProject
Project("{9A19103F-16F7-4668-BE54-9A1E7A4F7556}") = "Communication.Messages", "src\Communication.Messages\Communication.Messages.csproj", "{DF90090C-BB2C-48CA-B4F4-D565C52F5DF8}"
EndProject
Project("{9A19103F-16F7-4668-BE54-9A1E7A4F7556}") = "Payment.Domain.Tests", "tests\Payment.Domain.Tests\Payment.Domain.Tests.csproj", "{80853170-0020-42EE-A6F4-A120603281A1}"
EndProject
Project("{9A19103F-16F7-4668-BE54-9A1E7A4F7556}") = "Product.Domain.Tests", "tests\Product.Domain.Tests\Product.Domain.Tests.csproj", "{8646428C-C3B4-42BD-A7A0-B490F141DEB3}"
EndProject
Project("{9A19103F-16F7-4668-BE54-9A1E7A4F7556}") = "Sales.Domain.Tests", "tests\Sales.Domain.Tests\Sales.Domain.Tests.csproj", "{D38068AF-E651-4FED-B15F-0087229C6CEE}"
EndProject
Project("{9A19103F-16F7-4668-BE54-9A1E7A4F7556}") = "User.Domain.Tests", "tests\User.Domain.Tests\User.Domain.Tests.csproj", "{E51EE11C-C9FD-4753-B34C-EA49298F04EC}"
EndProject
Project("{9A19103F-16F7-4668-BE54-9A1E7A4F7556}") = "CQRS.Core", "CQRS.Core\CQRS.Core.csproj", "{17C6DF69-E822-425C-901C-C2B663C0DF7F}"
EndProject
Project("{9A19103F-16F7-4668-BE54-9A1E7A4F7556}") = "Kafka.Core", "Kafka.Core\Kafka.Core.csproj", "{047716B0-CA07-48DE-AE95-96643CA96AA9}"
EndProject
Project("{FAE04EC0-301F-11D3-BF4B-00C04F79EFBC}") = "Marte.EventSourcing.Core", "Marte.EventSourcing.Core\Marte.EventSourcing.Core.csproj", "{7CCAB617-5D8F-4D3B-AE36-2F498382A77F}"
EndProject
Global
	GlobalSection(SolutionConfigurationPlatforms) = preSolution
		Debug|Any CPU = Debug|Any CPU
		Release|Any CPU = Release|Any CPU
	EndGlobalSection
	GlobalSection(ProjectConfigurationPlatforms) = postSolution
		{0C492BE7-AFAF-4545-816D-3FE36CAB9061}.Debug|Any CPU.ActiveCfg = Debug|Any CPU
		{0C492BE7-AFAF-4545-816D-3FE36CAB9061}.Debug|Any CPU.Build.0 = Debug|Any CPU
		{0C492BE7-AFAF-4545-816D-3FE36CAB9061}.Release|Any CPU.ActiveCfg = Release|Any CPU
		{0C492BE7-AFAF-4545-816D-3FE36CAB9061}.Release|Any CPU.Build.0 = Release|Any CPU
		{0F774650-A12C-4BF9-A239-920A09E63D35}.Debug|Any CPU.ActiveCfg = Debug|Any CPU
		{0F774650-A12C-4BF9-A239-920A09E63D35}.Debug|Any CPU.Build.0 = Debug|Any CPU
		{0F774650-A12C-4BF9-A239-920A09E63D35}.Release|Any CPU.ActiveCfg = Release|Any CPU
		{0F774650-A12C-4BF9-A239-920A09E63D35}.Release|Any CPU.Build.0 = Release|Any CPU
		{420C69B6-6920-4463-98E8-CA50F3CBA718}.Debug|Any CPU.ActiveCfg = Debug|Any CPU
		{420C69B6-6920-4463-98E8-CA50F3CBA718}.Debug|Any CPU.Build.0 = Debug|Any CPU
		{420C69B6-6920-4463-98E8-CA50F3CBA718}.Release|Any CPU.ActiveCfg = Release|Any CPU
		{420C69B6-6920-4463-98E8-CA50F3CBA718}.Release|Any CPU.Build.0 = Release|Any CPU
		{1321E5E6-CC98-41BD-819B-5E217E84B745}.Debug|Any CPU.ActiveCfg = Debug|Any CPU
		{1321E5E6-CC98-41BD-819B-5E217E84B745}.Debug|Any CPU.Build.0 = Debug|Any CPU
		{1321E5E6-CC98-41BD-819B-5E217E84B745}.Release|Any CPU.ActiveCfg = Release|Any CPU
		{1321E5E6-CC98-41BD-819B-5E217E84B745}.Release|Any CPU.Build.0 = Release|Any CPU
		{FB93D861-1557-46EF-9B53-A64A67634A2B}.Debug|Any CPU.ActiveCfg = Debug|Any CPU
		{FB93D861-1557-46EF-9B53-A64A67634A2B}.Debug|Any CPU.Build.0 = Debug|Any CPU
		{FB93D861-1557-46EF-9B53-A64A67634A2B}.Release|Any CPU.ActiveCfg = Release|Any CPU
		{FB93D861-1557-46EF-9B53-A64A67634A2B}.Release|Any CPU.Build.0 = Release|Any CPU
		{2D8DC905-CC18-4E1B-B6AA-B7D464D3C32E}.Debug|Any CPU.ActiveCfg = Debug|Any CPU
		{2D8DC905-CC18-4E1B-B6AA-B7D464D3C32E}.Debug|Any CPU.Build.0 = Debug|Any CPU
		{2D8DC905-CC18-4E1B-B6AA-B7D464D3C32E}.Release|Any CPU.ActiveCfg = Release|Any CPU
		{2D8DC905-CC18-4E1B-B6AA-B7D464D3C32E}.Release|Any CPU.Build.0 = Release|Any CPU
		{89B8EA3C-6C3B-49B1-B59C-024DFB6EDA50}.Debug|Any CPU.ActiveCfg = Debug|Any CPU
		{89B8EA3C-6C3B-49B1-B59C-024DFB6EDA50}.Debug|Any CPU.Build.0 = Debug|Any CPU
		{89B8EA3C-6C3B-49B1-B59C-024DFB6EDA50}.Release|Any CPU.ActiveCfg = Release|Any CPU
		{89B8EA3C-6C3B-49B1-B59C-024DFB6EDA50}.Release|Any CPU.Build.0 = Release|Any CPU
		{36DF06D6-6601-483A-8AD1-7B7AF0A7E44B}.Debug|Any CPU.ActiveCfg = Debug|Any CPU
		{36DF06D6-6601-483A-8AD1-7B7AF0A7E44B}.Debug|Any CPU.Build.0 = Debug|Any CPU
		{36DF06D6-6601-483A-8AD1-7B7AF0A7E44B}.Release|Any CPU.ActiveCfg = Release|Any CPU
		{36DF06D6-6601-483A-8AD1-7B7AF0A7E44B}.Release|Any CPU.Build.0 = Release|Any CPU
		{5114D684-E8A0-4F18-B1AB-FA6724BD9331}.Debug|Any CPU.ActiveCfg = Debug|Any CPU
		{5114D684-E8A0-4F18-B1AB-FA6724BD9331}.Debug|Any CPU.Build.0 = Debug|Any CPU
		{5114D684-E8A0-4F18-B1AB-FA6724BD9331}.Release|Any CPU.ActiveCfg = Release|Any CPU
		{5114D684-E8A0-4F18-B1AB-FA6724BD9331}.Release|Any CPU.Build.0 = Release|Any CPU
		{918F0FCE-2BB0-4736-9651-AB21DD330212}.Debug|Any CPU.ActiveCfg = Debug|Any CPU
		{918F0FCE-2BB0-4736-9651-AB21DD330212}.Debug|Any CPU.Build.0 = Debug|Any CPU
		{918F0FCE-2BB0-4736-9651-AB21DD330212}.Release|Any CPU.ActiveCfg = Release|Any CPU
		{918F0FCE-2BB0-4736-9651-AB21DD330212}.Release|Any CPU.Build.0 = Release|Any CPU
		{99A95F7A-C503-4735-977C-8ACADDBD998A}.Debug|Any CPU.ActiveCfg = Debug|Any CPU
		{99A95F7A-C503-4735-977C-8ACADDBD998A}.Debug|Any CPU.Build.0 = Debug|Any CPU
		{99A95F7A-C503-4735-977C-8ACADDBD998A}.Release|Any CPU.ActiveCfg = Release|Any CPU
		{99A95F7A-C503-4735-977C-8ACADDBD998A}.Release|Any CPU.Build.0 = Release|Any CPU
		{F1AB044D-4272-45C7-8A93-5152F9B773B9}.Debug|Any CPU.ActiveCfg = Debug|Any CPU
		{F1AB044D-4272-45C7-8A93-5152F9B773B9}.Debug|Any CPU.Build.0 = Debug|Any CPU
		{F1AB044D-4272-45C7-8A93-5152F9B773B9}.Release|Any CPU.ActiveCfg = Release|Any CPU
		{F1AB044D-4272-45C7-8A93-5152F9B773B9}.Release|Any CPU.Build.0 = Release|Any CPU
		{DCE57E15-8966-43BA-B890-45858F650993}.Debug|Any CPU.ActiveCfg = Debug|Any CPU
		{DCE57E15-8966-43BA-B890-45858F650993}.Debug|Any CPU.Build.0 = Debug|Any CPU
		{DCE57E15-8966-43BA-B890-45858F650993}.Release|Any CPU.ActiveCfg = Release|Any CPU
		{DCE57E15-8966-43BA-B890-45858F650993}.Release|Any CPU.Build.0 = Release|Any CPU
		{14A4E190-F5C1-46B5-AE8D-24C7EF1E3375}.Debug|Any CPU.ActiveCfg = Debug|Any CPU
		{14A4E190-F5C1-46B5-AE8D-24C7EF1E3375}.Debug|Any CPU.Build.0 = Debug|Any CPU
		{14A4E190-F5C1-46B5-AE8D-24C7EF1E3375}.Release|Any CPU.ActiveCfg = Release|Any CPU
		{14A4E190-F5C1-46B5-AE8D-24C7EF1E3375}.Release|Any CPU.Build.0 = Release|Any CPU
		{C73025BB-72C5-4F2A-9F54-A449C16EACE8}.Debug|Any CPU.ActiveCfg = Debug|Any CPU
		{C73025BB-72C5-4F2A-9F54-A449C16EACE8}.Debug|Any CPU.Build.0 = Debug|Any CPU
		{C73025BB-72C5-4F2A-9F54-A449C16EACE8}.Release|Any CPU.ActiveCfg = Release|Any CPU
		{C73025BB-72C5-4F2A-9F54-A449C16EACE8}.Release|Any CPU.Build.0 = Release|Any CPU
		{E524B452-C825-41B6-B495-9BA6A7CF7A9F}.Debug|Any CPU.ActiveCfg = Debug|Any CPU
		{E524B452-C825-41B6-B495-9BA6A7CF7A9F}.Debug|Any CPU.Build.0 = Debug|Any CPU
		{E524B452-C825-41B6-B495-9BA6A7CF7A9F}.Release|Any CPU.ActiveCfg = Release|Any CPU
		{E524B452-C825-41B6-B495-9BA6A7CF7A9F}.Release|Any CPU.Build.0 = Release|Any CPU
		{4C939193-8CE3-4BA8-B8F2-AC9F33BCD21E}.Debug|Any CPU.ActiveCfg = Debug|Any CPU
		{4C939193-8CE3-4BA8-B8F2-AC9F33BCD21E}.Debug|Any CPU.Build.0 = Debug|Any CPU
		{4C939193-8CE3-4BA8-B8F2-AC9F33BCD21E}.Release|Any CPU.ActiveCfg = Release|Any CPU
		{4C939193-8CE3-4BA8-B8F2-AC9F33BCD21E}.Release|Any CPU.Build.0 = Release|Any CPU
		{58416BA1-FC3C-49F8-9F04-8F8CF38A610D}.Debug|Any CPU.ActiveCfg = Debug|Any CPU
		{58416BA1-FC3C-49F8-9F04-8F8CF38A610D}.Debug|Any CPU.Build.0 = Debug|Any CPU
		{58416BA1-FC3C-49F8-9F04-8F8CF38A610D}.Release|Any CPU.ActiveCfg = Release|Any CPU
		{58416BA1-FC3C-49F8-9F04-8F8CF38A610D}.Release|Any CPU.Build.0 = Release|Any CPU
		{001B5A4D-FD28-4A68-8795-68D980AB0C04}.Debug|Any CPU.ActiveCfg = Debug|Any CPU
		{001B5A4D-FD28-4A68-8795-68D980AB0C04}.Debug|Any CPU.Build.0 = Debug|Any CPU
		{001B5A4D-FD28-4A68-8795-68D980AB0C04}.Release|Any CPU.ActiveCfg = Release|Any CPU
		{001B5A4D-FD28-4A68-8795-68D980AB0C04}.Release|Any CPU.Build.0 = Release|Any CPU
		{DF90090C-BB2C-48CA-B4F4-D565C52F5DF8}.Debug|Any CPU.ActiveCfg = Debug|Any CPU
		{DF90090C-BB2C-48CA-B4F4-D565C52F5DF8}.Debug|Any CPU.Build.0 = Debug|Any CPU
		{DF90090C-BB2C-48CA-B4F4-D565C52F5DF8}.Release|Any CPU.ActiveCfg = Release|Any CPU
		{DF90090C-BB2C-48CA-B4F4-D565C52F5DF8}.Release|Any CPU.Build.0 = Release|Any CPU
		{80853170-0020-42EE-A6F4-A120603281A1}.Debug|Any CPU.ActiveCfg = Debug|Any CPU
		{80853170-0020-42EE-A6F4-A120603281A1}.Debug|Any CPU.Build.0 = Debug|Any CPU
		{80853170-0020-42EE-A6F4-A120603281A1}.Release|Any CPU.ActiveCfg = Release|Any CPU
		{80853170-0020-42EE-A6F4-A120603281A1}.Release|Any CPU.Build.0 = Release|Any CPU
		{8646428C-C3B4-42BD-A7A0-B490F141DEB3}.Debug|Any CPU.ActiveCfg = Debug|Any CPU
		{8646428C-C3B4-42BD-A7A0-B490F141DEB3}.Debug|Any CPU.Build.0 = Debug|Any CPU
		{8646428C-C3B4-42BD-A7A0-B490F141DEB3}.Release|Any CPU.ActiveCfg = Release|Any CPU
		{8646428C-C3B4-42BD-A7A0-B490F141DEB3}.Release|Any CPU.Build.0 = Release|Any CPU
		{D38068AF-E651-4FED-B15F-0087229C6CEE}.Debug|Any CPU.ActiveCfg = Debug|Any CPU
		{D38068AF-E651-4FED-B15F-0087229C6CEE}.Debug|Any CPU.Build.0 = Debug|Any CPU
		{D38068AF-E651-4FED-B15F-0087229C6CEE}.Release|Any CPU.ActiveCfg = Release|Any CPU
		{D38068AF-E651-4FED-B15F-0087229C6CEE}.Release|Any CPU.Build.0 = Release|Any CPU
		{E51EE11C-C9FD-4753-B34C-EA49298F04EC}.Debug|Any CPU.ActiveCfg = Debug|Any CPU
		{E51EE11C-C9FD-4753-B34C-EA49298F04EC}.Debug|Any CPU.Build.0 = Debug|Any CPU
		{E51EE11C-C9FD-4753-B34C-EA49298F04EC}.Release|Any CPU.ActiveCfg = Release|Any CPU
		{E51EE11C-C9FD-4753-B34C-EA49298F04EC}.Release|Any CPU.Build.0 = Release|Any CPU
		{17C6DF69-E822-425C-901C-C2B663C0DF7F}.Debug|Any CPU.ActiveCfg = Debug|Any CPU
		{17C6DF69-E822-425C-901C-C2B663C0DF7F}.Debug|Any CPU.Build.0 = Debug|Any CPU
		{17C6DF69-E822-425C-901C-C2B663C0DF7F}.Release|Any CPU.ActiveCfg = Release|Any CPU
		{17C6DF69-E822-425C-901C-C2B663C0DF7F}.Release|Any CPU.Build.0 = Release|Any CPU
		{047716B0-CA07-48DE-AE95-96643CA96AA9}.Debug|Any CPU.ActiveCfg = Debug|Any CPU
		{047716B0-CA07-48DE-AE95-96643CA96AA9}.Debug|Any CPU.Build.0 = Debug|Any CPU
		{047716B0-CA07-48DE-AE95-96643CA96AA9}.Release|Any CPU.ActiveCfg = Release|Any CPU
		{047716B0-CA07-48DE-AE95-96643CA96AA9}.Release|Any CPU.Build.0 = Release|Any CPU
		{7CCAB617-5D8F-4D3B-AE36-2F498382A77F}.Debug|Any CPU.ActiveCfg = Debug|Any CPU
		{7CCAB617-5D8F-4D3B-AE36-2F498382A77F}.Debug|Any CPU.Build.0 = Debug|Any CPU
		{7CCAB617-5D8F-4D3B-AE36-2F498382A77F}.Release|Any CPU.ActiveCfg = Release|Any CPU
		{7CCAB617-5D8F-4D3B-AE36-2F498382A77F}.Release|Any CPU.Build.0 = Release|Any CPU
	EndGlobalSection
	GlobalSection(SolutionProperties) = preSolution
		HideSolutionNode = FALSE
	EndGlobalSection
	GlobalSection(NestedProjects) = preSolution
		{2FF5A7A9-2B48-4B19-861C-89FDD4E463E8} = {295E427F-F246-4638-ABD0-972378059D0D}
		{0C492BE7-AFAF-4545-816D-3FE36CAB9061} = {2FF5A7A9-2B48-4B19-861C-89FDD4E463E8}
		{0F774650-A12C-4BF9-A239-920A09E63D35} = {2FF5A7A9-2B48-4B19-861C-89FDD4E463E8}
		{420C69B6-6920-4463-98E8-CA50F3CBA718} = {2FF5A7A9-2B48-4B19-861C-89FDD4E463E8}
		{F636E78C-0F3E-44E5-B5FC-8CB378C91A12} = {295E427F-F246-4638-ABD0-972378059D0D}
		{1321E5E6-CC98-41BD-819B-5E217E84B745} = {F636E78C-0F3E-44E5-B5FC-8CB378C91A12}
		{FB93D861-1557-46EF-9B53-A64A67634A2B} = {F636E78C-0F3E-44E5-B5FC-8CB378C91A12}
		{2D8DC905-CC18-4E1B-B6AA-B7D464D3C32E} = {F636E78C-0F3E-44E5-B5FC-8CB378C91A12}
		{901B4702-393C-479D-882C-46E2320010B5} = {295E427F-F246-4638-ABD0-972378059D0D}
		{89B8EA3C-6C3B-49B1-B59C-024DFB6EDA50} = {901B4702-393C-479D-882C-46E2320010B5}
		{36DF06D6-6601-483A-8AD1-7B7AF0A7E44B} = {901B4702-393C-479D-882C-46E2320010B5}
		{5114D684-E8A0-4F18-B1AB-FA6724BD9331} = {901B4702-393C-479D-882C-46E2320010B5}
		{4A4EF4B5-C163-4715-99FD-4F3255683CA0} = {295E427F-F246-4638-ABD0-972378059D0D}
		{918F0FCE-2BB0-4736-9651-AB21DD330212} = {4A4EF4B5-C163-4715-99FD-4F3255683CA0}
		{99A95F7A-C503-4735-977C-8ACADDBD998A} = {4A4EF4B5-C163-4715-99FD-4F3255683CA0}
		{F1AB044D-4272-45C7-8A93-5152F9B773B9} = {4A4EF4B5-C163-4715-99FD-4F3255683CA0}
		{1D98C8AC-E76B-43EC-B77B-3D0C617EED47} = {295E427F-F246-4638-ABD0-972378059D0D}
		{DCE57E15-8966-43BA-B890-45858F650993} = {1D98C8AC-E76B-43EC-B77B-3D0C617EED47}
		{14A4E190-F5C1-46B5-AE8D-24C7EF1E3375} = {1D98C8AC-E76B-43EC-B77B-3D0C617EED47}
		{C24307A2-C318-4AA4-A1A2-0956717182F3} = {295E427F-F246-4638-ABD0-972378059D0D}
		{C73025BB-72C5-4F2A-9F54-A449C16EACE8} = {C24307A2-C318-4AA4-A1A2-0956717182F3}
		{E524B452-C825-41B6-B495-9BA6A7CF7A9F} = {1D98C8AC-E76B-43EC-B77B-3D0C617EED47}
		{4C939193-8CE3-4BA8-B8F2-AC9F33BCD21E} = {C24307A2-C318-4AA4-A1A2-0956717182F3}
		{D9CE1F0B-B881-41B0-9D9B-3E16AF37F176} = {EDFCC863-CC96-4B78-A236-CEC7E3002B7B}
		{22913B27-4126-4A17-8A62-A7EA20A9A5A3} = {EDFCC863-CC96-4B78-A236-CEC7E3002B7B}
		{C2361B54-2DC0-4473-AE2A-A963C3C15B76} = {EDFCC863-CC96-4B78-A236-CEC7E3002B7B}
		{455E8B61-DF64-4972-8FDE-FB74191D7634} = {EDFCC863-CC96-4B78-A236-CEC7E3002B7B}
		{1F576D3F-0940-4351-AE58-8D2293F14078} = {EDFCC863-CC96-4B78-A236-CEC7E3002B7B}
		{29CFAAFF-5A4F-4801-94F0-7CE33E3B9DB0} = {EDFCC863-CC96-4B78-A236-CEC7E3002B7B}
		{58416BA1-FC3C-49F8-9F04-8F8CF38A610D} = {D9CE1F0B-B881-41B0-9D9B-3E16AF37F176}
		{001B5A4D-FD28-4A68-8795-68D980AB0C04} = {29CFAAFF-5A4F-4801-94F0-7CE33E3B9DB0}
		{DF90090C-BB2C-48CA-B4F4-D565C52F5DF8} = {C24307A2-C318-4AA4-A1A2-0956717182F3}
		{80853170-0020-42EE-A6F4-A120603281A1} = {C2361B54-2DC0-4473-AE2A-A963C3C15B76}
		{8646428C-C3B4-42BD-A7A0-B490F141DEB3} = {455E8B61-DF64-4972-8FDE-FB74191D7634}
		{D38068AF-E651-4FED-B15F-0087229C6CEE} = {1F576D3F-0940-4351-AE58-8D2293F14078}
		{E51EE11C-C9FD-4753-B34C-EA49298F04EC} = {22913B27-4126-4A17-8A62-A7EA20A9A5A3}
		{17C6DF69-E822-425C-901C-C2B663C0DF7F} = {295E427F-F246-4638-ABD0-972378059D0D}
		{047716B0-CA07-48DE-AE95-96643CA96AA9} = {295E427F-F246-4638-ABD0-972378059D0D}
		{7CCAB617-5D8F-4D3B-AE36-2F498382A77F} = {295E427F-F246-4638-ABD0-972378059D0D}
	EndGlobalSection
	GlobalSection(ExtensibilityGlobals) = postSolution
		SolutionGuid = {69BBB6FA-729E-4CEA-94EB-C556B5359791}
	EndGlobalSection
EndGlobal
